// !$*UTF8*$!
{
	archiveVersion = 1;
	classes = {
	};
	objectVersion = 46;
	objects = {

/* Begin PBXBuildFile section */
		5498D5E41961BA7800059F08 /* Foundation.framework in Frameworks */ = {isa = PBXBuildFile; fileRef = 5498D5E31961BA7800059F08 /* Foundation.framework */; };
		5498D5E61961BA7900059F08 /* CoreGraphics.framework in Frameworks */ = {isa = PBXBuildFile; fileRef = 5498D5E51961BA7900059F08 /* CoreGraphics.framework */; };
		5498D5E81961BA7900059F08 /* UIKit.framework in Frameworks */ = {isa = PBXBuildFile; fileRef = 5498D5E71961BA7900059F08 /* UIKit.framework */; };
		5498D5EE1961BA7900059F08 /* InfoPlist.strings in Resources */ = {isa = PBXBuildFile; fileRef = 5498D5EC1961BA7900059F08 /* InfoPlist.strings */; };
		5498D5F01961BA7900059F08 /* main.m in Sources */ = {isa = PBXBuildFile; fileRef = 5498D5EF1961BA7900059F08 /* main.m */; };
		5498D5F41961BA7900059F08 /* AppDelegate.m in Sources */ = {isa = PBXBuildFile; fileRef = 5498D5F31961BA7900059F08 /* AppDelegate.m */; };
		5498D5F71961BA7900059F08 /* Main.storyboard in Resources */ = {isa = PBXBuildFile; fileRef = 5498D5F51961BA7900059F08 /* Main.storyboard */; };
		5498D5FA1961BA7900059F08 /* ViewController.m in Sources */ = {isa = PBXBuildFile; fileRef = 5498D5F91961BA7900059F08 /* ViewController.m */; };
		5498D5FC1961BA7900059F08 /* Images.xcassets in Resources */ = {isa = PBXBuildFile; fileRef = 5498D5FB1961BA7900059F08 /* Images.xcassets */; };
		5498D6031961BA7900059F08 /* XCTest.framework in Frameworks */ = {isa = PBXBuildFile; fileRef = 5498D6021961BA7900059F08 /* XCTest.framework */; };
		5498D6041961BA7900059F08 /* Foundation.framework in Frameworks */ = {isa = PBXBuildFile; fileRef = 5498D5E31961BA7800059F08 /* Foundation.framework */; };
		5498D6051961BA7900059F08 /* UIKit.framework in Frameworks */ = {isa = PBXBuildFile; fileRef = 5498D5E71961BA7900059F08 /* UIKit.framework */; };
		5498D60D1961BA7900059F08 /* InfoPlist.strings in Resources */ = {isa = PBXBuildFile; fileRef = 5498D60B1961BA7900059F08 /* InfoPlist.strings */; };
		5498D60F1961BA7900059F08 /* registerTests.m in Sources */ = {isa = PBXBuildFile; fileRef = 5498D60E1961BA7900059F08 /* registerTests.m */; };
/* End PBXBuildFile section */

/* Begin PBXContainerItemProxy section */
		5498D6061961BA7900059F08 /* PBXContainerItemProxy */ = {
			isa = PBXContainerItemProxy;
			containerPortal = 5498D5D81961BA7800059F08 /* Project object */;
			proxyType = 1;
			remoteGlobalIDString = 5498D5DF1961BA7800059F08;
			remoteInfo = register;
		};
/* End PBXContainerItemProxy section */

/* Begin PBXFileReference section */
		5498D5E01961BA7800059F08 /* register.app */ = {isa = PBXFileReference; explicitFileType = wrapper.application; includeInIndex = 0; path = register.app; sourceTree = BUILT_PRODUCTS_DIR; };
		5498D5E31961BA7800059F08 /* Foundation.framework */ = {isa = PBXFileReference; lastKnownFileType = wrapper.framework; name = Foundation.framework; path = System/Library/Frameworks/Foundation.framework; sourceTree = SDKROOT; };
		5498D5E51961BA7900059F08 /* CoreGraphics.framework */ = {isa = PBXFileReference; lastKnownFileType = wrapper.framework; name = CoreGraphics.framework; path = System/Library/Frameworks/CoreGraphics.framework; sourceTree = SDKROOT; };
		5498D5E71961BA7900059F08 /* UIKit.framework */ = {isa = PBXFileReference; lastKnownFileType = wrapper.framework; name = UIKit.framework; path = System/Library/Frameworks/UIKit.framework; sourceTree = SDKROOT; };
		5498D5EB1961BA7900059F08 /* register-Info.plist */ = {isa = PBXFileReference; lastKnownFileType = text.plist.xml; path = "register-Info.plist"; sourceTree = "<group>"; };
		5498D5ED1961BA7900059F08 /* en */ = {isa = PBXFileReference; lastKnownFileType = text.plist.strings; name = en; path = en.lproj/InfoPlist.strings; sourceTree = "<group>"; };
		5498D5EF1961BA7900059F08 /* main.m */ = {isa = PBXFileReference; lastKnownFileType = sourcecode.c.objc; path = main.m; sourceTree = "<group>"; };
		5498D5F11961BA7900059F08 /* register-Prefix.pch */ = {isa = PBXFileReference; lastKnownFileType = sourcecode.c.h; path = "register-Prefix.pch"; sourceTree = "<group>"; };
		5498D5F21961BA7900059F08 /* AppDelegate.h */ = {isa = PBXFileReference; lastKnownFileType = sourcecode.c.h; path = AppDelegate.h; sourceTree = "<group>"; };
		5498D5F31961BA7900059F08 /* AppDelegate.m */ = {isa = PBXFileReference; lastKnownFileType = sourcecode.c.objc; path = AppDelegate.m; sourceTree = "<group>"; };
		5498D5F61961BA7900059F08 /* Base */ = {isa = PBXFileReference; lastKnownFileType = file.storyboard; name = Base; path = Base.lproj/Main.storyboard; sourceTree = "<group>"; };
		5498D5F81961BA7900059F08 /* ViewController.h */ = {isa = PBXFileReference; lastKnownFileType = sourcecode.c.h; path = ViewController.h; sourceTree = "<group>"; };
		5498D5F91961BA7900059F08 /* ViewController.m */ = {isa = PBXFileReference; lastKnownFileType = sourcecode.c.objc; path = ViewController.m; sourceTree = "<group>"; };
		5498D5FB1961BA7900059F08 /* Images.xcassets */ = {isa = PBXFileReference; lastKnownFileType = folder.assetcatalog; path = Images.xcassets; sourceTree = "<group>"; };
		5498D6011961BA7900059F08 /* registerTests.xctest */ = {isa = PBXFileReference; explicitFileType = wrapper.cfbundle; includeInIndex = 0; path = registerTests.xctest; sourceTree = BUILT_PRODUCTS_DIR; };
		5498D6021961BA7900059F08 /* XCTest.framework */ = {isa = PBXFileReference; lastKnownFileType = wrapper.framework; name = XCTest.framework; path = Library/Frameworks/XCTest.framework; sourceTree = DEVELOPER_DIR; };
		5498D60A1961BA7900059F08 /* registerTests-Info.plist */ = {isa = PBXFileReference; lastKnownFileType = text.plist.xml; path = "registerTests-Info.plist"; sourceTree = "<group>"; };
		5498D60C1961BA7900059F08 /* en */ = {isa = PBXFileReference; lastKnownFileType = text.plist.strings; name = en; path = en.lproj/InfoPlist.strings; sourceTree = "<group>"; };
		5498D60E1961BA7900059F08 /* registerTests.m */ = {isa = PBXFileReference; lastKnownFileType = sourcecode.c.objc; path = registerTests.m; sourceTree = "<group>"; };
/* End PBXFileReference section */

/* Begin PBXFrameworksBuildPhase section */
		5498D5DD1961BA7800059F08 /* Frameworks */ = {
			isa = PBXFrameworksBuildPhase;
			buildActionMask = 2147483647;
			files = (
				5498D5E61961BA7900059F08 /* CoreGraphics.framework in Frameworks */,
				5498D5E81961BA7900059F08 /* UIKit.framework in Frameworks */,
				5498D5E41961BA7800059F08 /* Foundation.framework in Frameworks */,
			);
			runOnlyForDeploymentPostprocessing = 0;
		};
		5498D5FE1961BA7900059F08 /* Frameworks */ = {
			isa = PBXFrameworksBuildPhase;
			buildActionMask = 2147483647;
			files = (
				5498D6031961BA7900059F08 /* XCTest.framework in Frameworks */,
				5498D6051961BA7900059F08 /* UIKit.framework in Frameworks */,
				5498D6041961BA7900059F08 /* Foundation.framework in Frameworks */,
			);
			runOnlyForDeploymentPostprocessing = 0;
		};
/* End PBXFrameworksBuildPhase section */

/* Begin PBXGroup section */
		5498D5D71961BA7800059F08 = {
			isa = PBXGroup;
			children = (
				5498D5E91961BA7900059F08 /* register */,
				5498D6081961BA7900059F08 /* registerTests */,
				5498D5E21961BA7800059F08 /* Frameworks */,
				5498D5E11961BA7800059F08 /* Products */,
			);
			sourceTree = "<group>";
		};
		5498D5E11961BA7800059F08 /* Products */ = {
			isa = PBXGroup;
			children = (
				5498D5E01961BA7800059F08 /* register.app */,
				5498D6011961BA7900059F08 /* registerTests.xctest */,
			);
			name = Products;
			sourceTree = "<group>";
		};
		5498D5E21961BA7800059F08 /* Frameworks */ = {
			isa = PBXGroup;
			children = (
				5498D5E31961BA7800059F08 /* Foundation.framework */,
				5498D5E51961BA7900059F08 /* CoreGraphics.framework */,
				5498D5E71961BA7900059F08 /* UIKit.framework */,
				5498D6021961BA7900059F08 /* XCTest.framework */,
			);
			name = Frameworks;
			sourceTree = "<group>";
		};
		5498D5E91961BA7900059F08 /* register */ = {
			isa = PBXGroup;
			children = (
				5498D5F21961BA7900059F08 /* AppDelegate.h */,
				5498D5F31961BA7900059F08 /* AppDelegate.m */,
				5498D5F51961BA7900059F08 /* Main.storyboard */,
				5498D5F81961BA7900059F08 /* ViewController.h */,
				5498D5F91961BA7900059F08 /* ViewController.m */,
				5498D5FB1961BA7900059F08 /* Images.xcassets */,
				5498D5EA1961BA7900059F08 /* Supporting Files */,
			);
			path = register;
			sourceTree = "<group>";
		};
		5498D5EA1961BA7900059F08 /* Supporting Files */ = {
			isa = PBXGroup;
			children = (
				5498D5EB1961BA7900059F08 /* register-Info.plist */,
				5498D5EC1961BA7900059F08 /* InfoPlist.strings */,
				5498D5EF1961BA7900059F08 /* main.m */,
				5498D5F11961BA7900059F08 /* register-Prefix.pch */,
			);
			name = "Supporting Files";
			sourceTree = "<group>";
		};
		5498D6081961BA7900059F08 /* registerTests */ = {
			isa = PBXGroup;
			children = (
				5498D60E1961BA7900059F08 /* registerTests.m */,
				5498D6091961BA7900059F08 /* Supporting Files */,
			);
			path = registerTests;
			sourceTree = "<group>";
		};
		5498D6091961BA7900059F08 /* Supporting Files */ = {
			isa = PBXGroup;
			children = (
				5498D60A1961BA7900059F08 /* registerTests-Info.plist */,
				5498D60B1961BA7900059F08 /* InfoPlist.strings */,
			);
			name = "Supporting Files";
			sourceTree = "<group>";
		};
/* End PBXGroup section */

/* Begin PBXNativeTarget section */
		5498D5DF1961BA7800059F08 /* register */ = {
			isa = PBXNativeTarget;
			buildConfigurationList = 5498D6121961BA7900059F08 /* Build configuration list for PBXNativeTarget "register" */;
			buildPhases = (
				5498D5DC1961BA7800059F08 /* Sources */,
				5498D5DD1961BA7800059F08 /* Frameworks */,
				5498D5DE1961BA7800059F08 /* Resources */,
			);
			buildRules = (
			);
			dependencies = (
			);
			name = register;
			productName = register;
			productReference = 5498D5E01961BA7800059F08 /* register.app */;
			productType = "com.apple.product-type.application";
		};
		5498D6001961BA7900059F08 /* registerTests */ = {
			isa = PBXNativeTarget;
			buildConfigurationList = 5498D6151961BA7900059F08 /* Build configuration list for PBXNativeTarget "registerTests" */;
			buildPhases = (
				5498D5FD1961BA7900059F08 /* Sources */,
				5498D5FE1961BA7900059F08 /* Frameworks */,
				5498D5FF1961BA7900059F08 /* Resources */,
			);
			buildRules = (
			);
			dependencies = (
				5498D6071961BA7900059F08 /* PBXTargetDependency */,
			);
			name = registerTests;
			productName = registerTests;
			productReference = 5498D6011961BA7900059F08 /* registerTests.xctest */;
			productType = "com.apple.product-type.bundle.unit-test";
		};
/* End PBXNativeTarget section */

/* Begin PBXProject section */
		5498D5D81961BA7800059F08 /* Project object */ = {
			isa = PBXProject;
			attributes = {
				LastUpgradeCheck = 0510;
				ORGANIZATIONNAME = hnmx4;
				TargetAttributes = {
					5498D6001961BA7900059F08 = {
						TestTargetID = 5498D5DF1961BA7800059F08;
					};
				};
			};
			buildConfigurationList = 5498D5DB1961BA7800059F08 /* Build configuration list for PBXProject "register" */;
			compatibilityVersion = "Xcode 3.2";
			developmentRegion = English;
			hasScannedForEncodings = 0;
			knownRegions = (
				en,
				Base,
			);
			mainGroup = 5498D5D71961BA7800059F08;
			productRefGroup = 5498D5E11961BA7800059F08 /* Products */;
			projectDirPath = "";
			projectRoot = "";
			targets = (
				5498D5DF1961BA7800059F08 /* register */,
				5498D6001961BA7900059F08 /* registerTests */,
			);
		};
/* End PBXProject section */

/* Begin PBXResourcesBuildPhase section */
		5498D5DE1961BA7800059F08 /* Resources */ = {
			isa = PBXResourcesBuildPhase;
			buildActionMask = 2147483647;
			files = (
				5498D5FC1961BA7900059F08 /* Images.xcassets in Resources */,
				5498D5EE1961BA7900059F08 /* InfoPlist.strings in Resources */,
				5498D5F71961BA7900059F08 /* Main.storyboard in Resources */,
			);
			runOnlyForDeploymentPostprocessing = 0;
		};
		5498D5FF1961BA7900059F08 /* Resources */ = {
			isa = PBXResourcesBuildPhase;
			buildActionMask = 2147483647;
			files = (
				5498D60D1961BA7900059F08 /* InfoPlist.strings in Resources */,
			);
			runOnlyForDeploymentPostprocessing = 0;
		};
/* End PBXResourcesBuildPhase section */

/* Begin PBXSourcesBuildPhase section */
		5498D5DC1961BA7800059F08 /* Sources */ = {
			isa = PBXSourcesBuildPhase;
			buildActionMask = 2147483647;
			files = (
				5498D5FA1961BA7900059F08 /* ViewController.m in Sources */,
				5498D5F41961BA7900059F08 /* AppDelegate.m in Sources */,
				5498D5F01961BA7900059F08 /* main.m in Sources */,
			);
			runOnlyForDeploymentPostprocessing = 0;
		};
		5498D5FD1961BA7900059F08 /* Sources */ = {
			isa = PBXSourcesBuildPhase;
			buildActionMask = 2147483647;
			files = (
				5498D60F1961BA7900059F08 /* registerTests.m in Sources */,
			);
			runOnlyForDeploymentPostprocessing = 0;
		};
/* End PBXSourcesBuildPhase section */

/* Begin PBXTargetDependency section */
		5498D6071961BA7900059F08 /* PBXTargetDependency */ = {
			isa = PBXTargetDependency;
			target = 5498D5DF1961BA7800059F08 /* register */;
			targetProxy = 5498D6061961BA7900059F08 /* PBXContainerItemProxy */;
		};
/* End PBXTargetDependency section */

/* Begin PBXVariantGroup section */
		5498D5EC1961BA7900059F08 /* InfoPlist.strings */ = {
			isa = PBXVariantGroup;
			children = (
				5498D5ED1961BA7900059F08 /* en */,
			);
			name = InfoPlist.strings;
			sourceTree = "<group>";
		};
		5498D5F51961BA7900059F08 /* Main.storyboard */ = {
			isa = PBXVariantGroup;
			children = (
				5498D5F61961BA7900059F08 /* Base */,
			);
			name = Main.storyboard;
			sourceTree = "<group>";
		};
		5498D60B1961BA7900059F08 /* InfoPlist.strings */ = {
			isa = PBXVariantGroup;
			children = (
				5498D60C1961BA7900059F08 /* en */,
			);
			name = InfoPlist.strings;
			sourceTree = "<group>";
		};
/* End PBXVariantGroup section */

/* Begin XCBuildConfiguration section */
		5498D6101961BA7900059F08 /* Debug */ = {
			isa = XCBuildConfiguration;
			buildSettings = {
				ALWAYS_SEARCH_USER_PATHS = NO;
				CLANG_CXX_LANGUAGE_STANDARD = "gnu++0x";
				CLANG_CXX_LIBRARY = "libc++";
				CLANG_ENABLE_MODULES = YES;
				CLANG_ENABLE_OBJC_ARC = YES;
				CLANG_WARN_BOOL_CONVERSION = YES;
				CLANG_WARN_CONSTANT_CONVERSION = YES;
				CLANG_WARN_DIRECT_OBJC_ISA_USAGE = YES_ERROR;
				CLANG_WARN_EMPTY_BODY = YES;
				CLANG_WARN_ENUM_CONVERSION = YES;
				CLANG_WARN_INT_CONVERSION = YES;
				CLANG_WARN_OBJC_ROOT_CLASS = YES_ERROR;
				CLANG_WARN__DUPLICATE_METHOD_MATCH = YES;
				"CODE_SIGN_IDENTITY[sdk=iphoneos*]" = "iPhone Developer";
				COPY_PHASE_STRIP = NO;
				GCC_C_LANGUAGE_STANDARD = gnu99;
				GCC_DYNAMIC_NO_PIC = NO;
				GCC_OPTIMIZATION_LEVEL = 0;
				GCC_PREPROCESSOR_DEFINITIONS = (
					"DEBUG=1",
					"$(inherited)",
				);
				GCC_SYMBOLS_PRIVATE_EXTERN = NO;
				GCC_WARN_64_TO_32_BIT_CONVERSION = YES;
				GCC_WARN_ABOUT_RETURN_TYPE = YES_ERROR;
				GCC_WARN_UNDECLARED_SELECTOR = YES;
				GCC_WARN_UNINITIALIZED_AUTOS = YES_AGGRESSIVE;
				GCC_WARN_UNUSED_FUNCTION = YES;
				GCC_WARN_UNUSED_VARIABLE = YES;
				IPHONEOS_DEPLOYMENT_TARGET = 7.1;
				ONLY_ACTIVE_ARCH = YES;
				SDKROOT = iphoneos;
				TARGETED_DEVICE_FAMILY = 2;
			};
			name = Debug;
		};
		5498D6111961BA7900059F08 /* Release */ = {
			isa = XCBuildConfiguration;
			buildSettings = {
				ALWAYS_SEARCH_USER_PATHS = NO;
				CLANG_CXX_LANGUAGE_STANDARD = "gnu++0x";
				CLANG_CXX_LIBRARY = "libc++";
				CLANG_ENABLE_MODULES = YES;
				CLANG_ENABLE_OBJC_ARC = YES;
				CLANG_WARN_BOOL_CONVERSION = YES;
				CLANG_WARN_CONSTANT_CONVERSION = YES;
				CLANG_WARN_DIRECT_OBJC_ISA_USAGE = YES_ERROR;
				CLANG_WARN_EMPTY_BODY = YES;
				CLANG_WARN_ENUM_CONVERSION = YES;
				CLANG_WARN_INT_CONVERSION = YES;
				CLANG_WARN_OBJC_ROOT_CLASS = YES_ERROR;
				CLANG_WARN__DUPLICATE_METHOD_MATCH = YES;
				"CODE_SIGN_IDENTITY[sdk=iphoneos*]" = "iPhone Developer";
				COPY_PHASE_STRIP = YES;
				ENABLE_NS_ASSERTIONS = NO;
				GCC_C_LANGUAGE_STANDARD = gnu99;
				GCC_WARN_64_TO_32_BIT_CONVERSION = YES;
				GCC_WARN_ABOUT_RETURN_TYPE = YES_ERROR;
				GCC_WARN_UNDECLARED_SELECTOR = YES;
				GCC_WARN_UNINITIALIZED_AUTOS = YES_AGGRESSIVE;
				GCC_WARN_UNUSED_FUNCTION = YES;
				GCC_WARN_UNUSED_VARIABLE = YES;
				IPHONEOS_DEPLOYMENT_TARGET = 7.1;
				SDKROOT = iphoneos;
				TARGETED_DEVICE_FAMILY = 2;
				VALIDATE_PRODUCT = YES;
			};
			name = Release;
		};
		5498D6131961BA7900059F08 /* Debug */ = {
			isa = XCBuildConfiguration;
			buildSettings = {
				ASSETCATALOG_COMPILER_APPICON_NAME = AppIcon;
				ASSETCATALOG_COMPILER_LAUNCHIMAGE_NAME = LaunchImage;
				GCC_PRECOMPILE_PREFIX_HEADER = YES;
				GCC_PREFIX_HEADER = "register/register-Prefix.pch";
				INFOPLIST_FILE = "register/register-Info.plist";
				PRODUCT_NAME = "$(TARGET_NAME)";
				WRAPPER_EXTENSION = app;
			};
			name = Debug;
		};
		5498D6141961BA7900059F08 /* Release */ = {
			isa = XCBuildConfiguration;
			buildSettings = {
				ASSETCATALOG_COMPILER_APPICON_NAME = AppIcon;
				ASSETCATALOG_COMPILER_LAUNCHIMAGE_NAME = LaunchImage;
				GCC_PRECOMPILE_PREFIX_HEADER = YES;
				GCC_PREFIX_HEADER = "register/register-Prefix.pch";
				INFOPLIST_FILE = "register/register-Info.plist";
				PRODUCT_NAME = "$(TARGET_NAME)";
				WRAPPER_EXTENSION = app;
			};
			name = Release;
		};
		5498D6161961BA7900059F08 /* Debug */ = {
			isa = XCBuildConfiguration;
			buildSettings = {
				BUNDLE_LOADER = "$(BUILT_PRODUCTS_DIR)/register.app/register";
				FRAMEWORK_SEARCH_PATHS = (
					"$(SDKROOT)/Developer/Library/Frameworks",
					"$(inherited)",
					"$(DEVELOPER_FRAMEWORKS_DIR)",
				);
				GCC_PRECOMPILE_PREFIX_HEADER = YES;
				GCC_PREFIX_HEADER = "register/register-Prefix.pch";
				GCC_PREPROCESSOR_DEFINITIONS = (
					"DEBUG=1",
					"$(inherited)",
				);
				INFOPLIST_FILE = "registerTests/registerTests-Info.plist";
				PRODUCT_NAME = "$(TARGET_NAME)";
				TEST_HOST = "$(BUNDLE_LOADER)";
				WRAPPER_EXTENSION = xctest;
			};
			name = Debug;
		};
		5498D6171961BA7900059F08 /* Release */ = {
			isa = XCBuildConfiguration;
			buildSettings = {
				BUNDLE_LOADER = "$(BUILT_PRODUCTS_DIR)/register.app/register";
				FRAMEWORK_SEARCH_PATHS = (
					"$(SDKROOT)/Developer/Library/Frameworks",
					"$(inherited)",
					"$(DEVELOPER_FRAMEWORKS_DIR)",
				);
				GCC_PRECOMPILE_PREFIX_HEADER = YES;
				GCC_PREFIX_HEADER = "register/register-Prefix.pch";
				INFOPLIST_FILE = "registerTests/registerTests-Info.plist";
				PRODUCT_NAME = "$(TARGET_NAME)";
				TEST_HOST = "$(BUNDLE_LOADER)";
				WRAPPER_EXTENSION = xctest;
			};
			name = Release;
		};
/* End XCBuildConfiguration section */

/* Begin XCConfigurationList section */
		5498D5DB1961BA7800059F08 /* Build configuration list for PBXProject "register" */ = {
			isa = XCConfigurationList;
			buildConfigurations = (
				5498D6101961BA7900059F08 /* Debug */,
				5498D6111961BA7900059F08 /* Release */,
			);
			defaultConfigurationIsVisible = 0;
			defaultConfigurationName = Release;
		};
		5498D6121961BA7900059F08 /* Build configuration list for PBXNativeTarget "register" */ = {
			isa = XCConfigurationList;
			buildConfigurations = (
				5498D6131961BA7900059F08 /* Debug */,
				5498D6141961BA7900059F08 /* Release */,
			);
			defaultConfigurationIsVisible = 0;
		};
		5498D6151961BA7900059F08 /* Build configuration list for PBXNativeTarget "registerTests" */ = {
			isa = XCConfigurationList;
			buildConfigurations = (
				5498D6161961BA7900059F08 /* Debug */,
				5498D6171961BA7900059F08 /* Release */,
			);
			defaultConfigurationIsVisible = 0;
		};
/* End XCConfigurationList section */
	};
	rootObject = 5498D5D81961BA7800059F08 /* Project object */;
}
